
Microsoft Visual Studio Solution File, Format Version 12.00
# Visual Studio 15
VisualStudioVersion = 15.0.28010.2036
MinimumVisualStudioVersion = 10.0.40219.1
Project("{FAE04EC0-301F-11D3-BF4B-00C04F79EFBC}") = "MassBanTool", "MassBanTool\MassBanTool.csproj", "{4CE2104E-DFAF-4F34-B673-88A9AFD789C2}"
EndProject
Global
	GlobalSection(SolutionConfigurationPlatforms) = preSolution
		Debug|Any CPU = Debug|Any CPU
		Release|Any CPU = Release|Any CPU
	EndGlobalSection
	GlobalSection(ProjectConfigurationPlatforms) = postSolution
		{4CE2104E-DFAF-4F34-B673-88A9AFD789C2}.Debug|Any CPU.ActiveCfg = Release|Any CPU
		{4CE2104E-DFAF-4F34-B673-88A9AFD789C2}.Debug|Any CPU.Build.0 = Release|Any CPU
		{4CE2104E-DFAF-4F34-B673-88A9AFD789C2}.Release|Any CPU.ActiveCfg = Release|Any CPU
		{4CE2104E-DFAF-4F34-B673-88A9AFD789C2}.Release|Any CPU.Build.0 = Release|Any CPU
	EndGlobalSection
	GlobalSection(SolutionProperties) = preSolution
		HideSolutionNode = FALSE
	EndGlobalSection
	GlobalSection(ExtensibilityGlobals) = postSolution
		SolutionGuid = {81601100-9813-4787-BCA8-06AEA4D48C53}
	EndGlobalSection
EndGlobal
